
Microsoft Visual Studio Solution File, Format Version 12.00
# Visual Studio Version 16
VisualStudioVersion = 16.0.30413.136
MinimumVisualStudioVersion = 10.0.40219.1
Project("{FAE04EC0-301F-11D3-BF4B-00C04F79EFBC}") = "AspNetCore3SpecflowService", "AspNetCore3SpecflowService\AspNetCore3SpecflowService.csproj", "{2BEF9A8A-8342-445C-9C28-944269DC1B05}"
EndProject
Project("{FAE04EC0-301F-11D3-BF4B-00C04F79EFBC}") = "AspNetCore3SpecflowModels", "AspNetCore3SpecflowModels\AspNetCore3SpecflowModels.csproj", "{2F61E99A-EEEA-4F6D-AD8D-65F4306FC9BA}"
EndProject
Project("{FAE04EC0-301F-11D3-BF4B-00C04F79EFBC}") = "AspNetCore3SpecflowBehaviourTests", "AspNetCore3SpecflowBehaviourTests\AspNetCore3SpecflowBehaviourTests.csproj", "{6DCB1D20-66AA-4399-852E-D16017821698}"
EndProject
Global
	GlobalSection(SolutionConfigurationPlatforms) = preSolution
		Debug|Any CPU = Debug|Any CPU
		Release|Any CPU = Release|Any CPU
	EndGlobalSection
	GlobalSection(ProjectConfigurationPlatforms) = postSolution
		{2BEF9A8A-8342-445C-9C28-944269DC1B05}.Debug|Any CPU.ActiveCfg = Debug|Any CPU
		{2BEF9A8A-8342-445C-9C28-944269DC1B05}.Debug|Any CPU.Build.0 = Debug|Any CPU
		{2BEF9A8A-8342-445C-9C28-944269DC1B05}.Release|Any CPU.ActiveCfg = Release|Any CPU
		{2BEF9A8A-8342-445C-9C28-944269DC1B05}.Release|Any CPU.Build.0 = Release|Any CPU
		{2F61E99A-EEEA-4F6D-AD8D-65F4306FC9BA}.Debug|Any CPU.ActiveCfg = Debug|Any CPU
		{2F61E99A-EEEA-4F6D-AD8D-65F4306FC9BA}.Debug|Any CPU.Build.0 = Debug|Any CPU
		{2F61E99A-EEEA-4F6D-AD8D-65F4306FC9BA}.Release|Any CPU.ActiveCfg = Release|Any CPU
		{2F61E99A-EEEA-4F6D-AD8D-65F4306FC9BA}.Release|Any CPU.Build.0 = Release|Any CPU
		{6DCB1D20-66AA-4399-852E-D16017821698}.Debug|Any CPU.ActiveCfg = Debug|Any CPU
		{6DCB1D20-66AA-4399-852E-D16017821698}.Debug|Any CPU.Build.0 = Debug|Any CPU
		{6DCB1D20-66AA-4399-852E-D16017821698}.Release|Any CPU.ActiveCfg = Release|Any CPU
		{6DCB1D20-66AA-4399-852E-D16017821698}.Release|Any CPU.Build.0 = Release|Any CPU
	EndGlobalSection
	GlobalSection(SolutionProperties) = preSolution
		HideSolutionNode = FALSE
	EndGlobalSection
	GlobalSection(ExtensibilityGlobals) = postSolution
		SolutionGuid = {5EC68689-AEAC-4AE9-BD45-03D37C24B3EB}
	EndGlobalSection
EndGlobal
